{
  "name": "ngx-powerbi",
  "version": "5.0.1",
  "lockfileVersion": 3,
  "requires": true,
  "packages": {
    "": {
      "name": "ngx-powerbi",
      "version": "5.0.1",
      "license": "MIT",
      "dependencies": {
        "tslib": "^2.0.0"
      },
      "peerDependencies": {
        "@angular/common": "^17.1.1",
        "@angular/core": "^17.1.1",
        "powerbi-client": "^2.22.3"
      }
    },
    "node_modules/@angular/common": {
      "version": "17.1.1",
      "resolved": "https://registry.npmjs.org/@angular/common/-/common-17.1.1.tgz",
      "integrity": "sha512-YMM2vImWJg7H3Yaej7ncGpFKT28V2Y6X9/rLpRdSKAiUbcbj7GeWtX/upfZGR9KmD08baYZw0YTNMR03Ubv/mg==",
      "peer": true,
      "dependencies": {
        "tslib": "^2.3.0"
      },
      "engines": {
        "node": "^18.13.0 || >=20.9.0"
      },
      "peerDependencies": {
        "@angular/core": "17.1.1",
        "rxjs": "^6.5.3 || ^7.4.0"
      }
    },
    "node_modules/@angular/core": {
      "version": "17.1.1",
      "resolved": "https://registry.npmjs.org/@angular/core/-/core-17.1.1.tgz",
      "integrity": "sha512-JtNYM9eHr8eUSrGPq/kn0+/F+TSZ7EBWxZhM1ZndOlGu1gA4fGhrDid4ZXIHIs07DbM4NZjMn+LhRyx02YDsSA==",
      "peer": true,
      "dependencies": {
        "tslib": "^2.3.0"
      },
      "engines": {
        "node": "^18.13.0 || >=20.9.0"
      },
      "peerDependencies": {
        "rxjs": "^6.5.3 || ^7.4.0",
        "zone.js": "~0.14.0"
      }
    },
    "node_modules/es6-promise": {
      "version": "3.3.1",
      "resolved": "https://registry.npmjs.org/es6-promise/-/es6-promise-3.3.1.tgz",
      "integrity": "sha512-SOp9Phqvqn7jtEUxPWdWfWoLmyt2VaJ6MpvP9Comy1MceMXqE6bxvaTu4iaxpYYPzhny28Lc+M87/c2cPK6lDg==",
      "peer": true
    },
    "node_modules/http-post-message": {
      "version": "0.2.3",
      "resolved": "https://registry.npmjs.org/http-post-message/-/http-post-message-0.2.3.tgz",
      "integrity": "sha512-76heerrzYhvWptJfWxUarHw2O3fkMqF48bbq/S6XFWHUc34o8tkySBwtReXuAKJAECZWVu8U0TYLckFcwtSdrg==",
      "peer": true,
      "dependencies": {
        "es6-promise": "^3.2.1"
      }
    },
    "node_modules/powerbi-client": {
      "version": "2.22.3",
      "resolved": "https://registry.npmjs.org/powerbi-client/-/powerbi-client-2.22.3.tgz",
      "integrity": "sha512-IUf0OCXBR7sX1zcId47L94/TD9ljWztEqMPyhtMFZ9zFsdY4G68B1+7AAE9+bYqAQrKznJTHvcLQAnWvYQh/9A==",
      "peer": true,
      "dependencies": {
        "http-post-message": "^0.2",
        "powerbi-models": "^1.12.3",
        "powerbi-router": "^0.1",
        "window-post-message-proxy": "^0.2"
      }
    },
    "node_modules/powerbi-models": {
      "version": "1.14.0",
      "resolved": "https://registry.npmjs.org/powerbi-models/-/powerbi-models-1.14.0.tgz",
      "integrity": "sha512-JUBuw/PKHSwSBD2/XubMGJafE8jQsP1evhK2WiXeFHbB9QluUeuGuSMlSxEkworNC+SFR7pGKknniCZqYoDNLw==",
      "peer": true
    },
    "node_modules/powerbi-router": {
      "version": "0.1.5",
      "resolved": "https://registry.npmjs.org/powerbi-router/-/powerbi-router-0.1.5.tgz",
      "integrity": "sha512-DFJCKxwh/DqMZXtHSo6xZl87mbRviZGn4P7Oi2rT0L4HMI4AjnWIrwg0JCSM7ymBzYnNe5UmrsCaf2Upur5RQA==",
      "peer": true,
      "dependencies": {
        "es6-promise": "^3.2.1",
        "route-recognizer": "^0.1.11"
      }
    },
    "node_modules/route-recognizer": {
      "version": "0.1.11",
      "resolved": "https://registry.npmjs.org/route-recognizer/-/route-recognizer-0.1.11.tgz",
      "integrity": "sha512-7JNu5mXQVa39zxmUKyk/bfpeF2WyEC5JKVTJO5HATcoUQpcQsI3eLzhwGU69xeOagQxfOQ+yr2sSv0G8xy+vQA==",
      "peer": true
    },
    "node_modules/rxjs": {
      "version": "7.8.1",
      "resolved": "https://registry.npmjs.org/rxjs/-/rxjs-7.8.1.tgz",
      "integrity": "sha512-AA3TVj+0A2iuIoQkWEK/tqFjBq2j+6PO6Y0zJcvzLAFhEFIO3HL0vls9hWLncZbAAbK0mar7oZ4V079I/qPMxg==",
      "peer": true,
      "dependencies": {
        "tslib": "^2.1.0"
      }
    },
    "node_modules/tslib": {
      "version": "2.6.2",
      "resolved": "https://registry.npmjs.org/tslib/-/tslib-2.6.2.tgz",
      "integrity": "sha512-AEYxH93jGFPn/a2iVAwW87VuUIkR1FVUKB77NwMF7nBTDkDrrT/Hpt/IrCJ0QXhW27jTBDcf5ZY7w6RiqTMw2Q=="
    },
    "node_modules/window-post-message-proxy": {
      "version": "0.2.6",
      "resolved": "https://registry.npmjs.org/window-post-message-proxy/-/window-post-message-proxy-0.2.6.tgz",
      "integrity": "sha512-IwNWtUWVFarBa2F9vhmfv2yr0PfPm57QuOBCw3qSLaunhD3THcHUKQ4HrJQiCuYUT7LEjhUtaoA+hrV+wQzNmQ==",
      "peer": true,
      "dependencies": {
        "es6-promise": "^3.1.2"
      }
    },
    "node_modules/zone.js": {
      "version": "0.14.3",
      "resolved": "https://registry.npmjs.org/zone.js/-/zone.js-0.14.3.tgz",
      "integrity": "sha512-jYoNqF046Q+JfcZSItRSt+oXFcpXL88yq7XAZjb/NKTS7w2hHpKjRJ3VlFD1k75wMaRRXNUt5vrZVlygiMyHbA==",
      "peer": true,
      "dependencies": {
        "tslib": "^2.3.0"
      }
    }
  }
}
